Microsoft Visual Studio Solution File, Format Version 12.00
# Visual Studio Version 17
VisualStudioVersion = 17.5.2.0
MinimumVisualStudioVersion = 10.0.40219.1
Project("{FAE04EC0-301F-11D3-BF4B-00C04F79EFBC}") = "TechStore", "TechStore.csproj", "{54AC4282-1130-C56A-27AC-6E04063E6969}"
EndProject
Global
	GlobalSection(SolutionConfigurationPlatforms) = preSolution
		Debug|Any CPU = Debug|Any CPU
		Release|Any CPU = Release|Any CPU
	EndGlobalSection
	GlobalSection(ProjectConfigurationPlatforms) = postSolution
		{54AC4282-1130-C56A-27AC-6E04063E6969}.Debug|Any CPU.ActiveCfg = Debug|Any CPU
		{54AC4282-1130-C56A-27AC-6E04063E6969}.Debug|Any CPU.Build.0 = Debug|Any CPU
		{54AC4282-1130-C56A-27AC-6E04063E6969}.Release|Any CPU.ActiveCfg = Release|Any CPU
		{54AC4282-1130-C56A-27AC-6E04063E6969}.Release|Any CPU.Build.0 = Release|Any CPU
	EndGlobalSection
	GlobalSection(SolutionProperties) = preSolution
		HideSolutionNode = FALSE
	EndGlobalSection
	GlobalSection(ExtensibilityGlobals) = postSolution
		SolutionGuid = {F3D33AD5-0E04-4004-A702-A83D133A6FDF}
	EndGlobalSection
EndGlobal
